
Microsoft Visual Studio Solution File, Format Version 12.00
# Visual Studio 15
VisualStudioVersion = 15.0.28307.902
MinimumVisualStudioVersion = 10.0.40219.1
Project("{FAE04EC0-301F-11D3-BF4B-00C04F79EFBC}") = "Utilities", "Utilities\Utilities.csproj", "{184AA54D-AB17-4BA5-9231-2BB0C1F02A2D}"
EndProject
Project("{FAE04EC0-301F-11D3-BF4B-00C04F79EFBC}") = "UnitTesting", "UnitTesting\UnitTesting.csproj", "{868CB165-B990-483E-8CF5-88C411F8362A}"
EndProject
Project("{FAE04EC0-301F-11D3-BF4B-00C04F79EFBC}") = "KrinklesHell", "KrinklesHell\KrinklesHell.csproj", "{3A5FE591-E3E8-47DC-9EAB-D53E3F270251}"
EndProject
Global
	GlobalSection(SolutionConfigurationPlatforms) = preSolution
		Debug|Any CPU = Debug|Any CPU
		Debug|ARM = Debug|ARM
		Debug|ARM64 = Debug|ARM64
		Debug|x64 = Debug|x64
		Debug|x86 = Debug|x86
		Release|Any CPU = Release|Any CPU
		Release|ARM = Release|ARM
		Release|ARM64 = Release|ARM64
		Release|x64 = Release|x64
		Release|x86 = Release|x86
	EndGlobalSection
	GlobalSection(ProjectConfigurationPlatforms) = postSolution
		{184AA54D-AB17-4BA5-9231-2BB0C1F02A2D}.Debug|Any CPU.ActiveCfg = Debug|Any CPU
		{184AA54D-AB17-4BA5-9231-2BB0C1F02A2D}.Debug|Any CPU.Build.0 = Debug|Any CPU
		{184AA54D-AB17-4BA5-9231-2BB0C1F02A2D}.Debug|ARM.ActiveCfg = Debug|ARM
		{184AA54D-AB17-4BA5-9231-2BB0C1F02A2D}.Debug|ARM.Build.0 = Debug|ARM
		{184AA54D-AB17-4BA5-9231-2BB0C1F02A2D}.Debug|ARM64.ActiveCfg = Debug|ARM64
		{184AA54D-AB17-4BA5-9231-2BB0C1F02A2D}.Debug|ARM64.Build.0 = Debug|ARM64
		{184AA54D-AB17-4BA5-9231-2BB0C1F02A2D}.Debug|x64.ActiveCfg = Debug|x64
		{184AA54D-AB17-4BA5-9231-2BB0C1F02A2D}.Debug|x64.Build.0 = Debug|x64
		{184AA54D-AB17-4BA5-9231-2BB0C1F02A2D}.Debug|x86.ActiveCfg = Debug|x86
		{184AA54D-AB17-4BA5-9231-2BB0C1F02A2D}.Debug|x86.Build.0 = Debug|x86
		{184AA54D-AB17-4BA5-9231-2BB0C1F02A2D}.Release|Any CPU.ActiveCfg = Release|Any CPU
		{184AA54D-AB17-4BA5-9231-2BB0C1F02A2D}.Release|Any CPU.Build.0 = Release|Any CPU
		{184AA54D-AB17-4BA5-9231-2BB0C1F02A2D}.Release|ARM.ActiveCfg = Release|ARM
		{184AA54D-AB17-4BA5-9231-2BB0C1F02A2D}.Release|ARM.Build.0 = Release|ARM
		{184AA54D-AB17-4BA5-9231-2BB0C1F02A2D}.Release|ARM64.ActiveCfg = Release|ARM64
		{184AA54D-AB17-4BA5-9231-2BB0C1F02A2D}.Release|ARM64.Build.0 = Release|ARM64
		{184AA54D-AB17-4BA5-9231-2BB0C1F02A2D}.Release|x64.ActiveCfg = Release|x64
		{184AA54D-AB17-4BA5-9231-2BB0C1F02A2D}.Release|x64.Build.0 = Release|x64
		{184AA54D-AB17-4BA5-9231-2BB0C1F02A2D}.Release|x86.ActiveCfg = Release|x86
		{184AA54D-AB17-4BA5-9231-2BB0C1F02A2D}.Release|x86.Build.0 = Release|x86
		{868CB165-B990-483E-8CF5-88C411F8362A}.Debug|Any CPU.ActiveCfg = Debug|x86
		{868CB165-B990-483E-8CF5-88C411F8362A}.Debug|ARM.ActiveCfg = Debug|ARM
		{868CB165-B990-483E-8CF5-88C411F8362A}.Debug|ARM.Build.0 = Debug|ARM
		{868CB165-B990-483E-8CF5-88C411F8362A}.Debug|ARM.Deploy.0 = Debug|ARM
		{868CB165-B990-483E-8CF5-88C411F8362A}.Debug|ARM64.ActiveCfg = Debug|ARM64
		{868CB165-B990-483E-8CF5-88C411F8362A}.Debug|ARM64.Build.0 = Debug|ARM64
		{868CB165-B990-483E-8CF5-88C411F8362A}.Debug|ARM64.Deploy.0 = Debug|ARM64
		{868CB165-B990-483E-8CF5-88C411F8362A}.Debug|x64.ActiveCfg = Debug|x64
		{868CB165-B990-483E-8CF5-88C411F8362A}.Debug|x64.Build.0 = Debug|x64
		{868CB165-B990-483E-8CF5-88C411F8362A}.Debug|x64.Deploy.0 = Debug|x64
		{868CB165-B990-483E-8CF5-88C411F8362A}.Debug|x86.ActiveCfg = Debug|x86
		{868CB165-B990-483E-8CF5-88C411F8362A}.Debug|x86.Build.0 = Debug|x86
		{868CB165-B990-483E-8CF5-88C411F8362A}.Debug|x86.Deploy.0 = Debug|x86
		{868CB165-B990-483E-8CF5-88C411F8362A}.Release|Any CPU.ActiveCfg = Release|x86
		{868CB165-B990-483E-8CF5-88C411F8362A}.Release|ARM.ActiveCfg = Release|ARM
		{868CB165-B990-483E-8CF5-88C411F8362A}.Release|ARM.Build.0 = Release|ARM
		{868CB165-B990-483E-8CF5-88C411F8362A}.Release|ARM.Deploy.0 = Release|ARM
		{868CB165-B990-483E-8CF5-88C411F8362A}.Release|ARM64.ActiveCfg = Release|ARM64
		{868CB165-B990-483E-8CF5-88C411F8362A}.Release|ARM64.Build.0 = Release|ARM64
		{868CB165-B990-483E-8CF5-88C411F8362A}.Release|ARM64.Deploy.0 = Release|ARM64
		{868CB165-B990-483E-8CF5-88C411F8362A}.Release|x64.ActiveCfg = Release|x64
		{868CB165-B990-483E-8CF5-88C411F8362A}.Release|x64.Build.0 = Release|x64
		{868CB165-B990-483E-8CF5-88C411F8362A}.Release|x64.Deploy.0 = Release|x64
		{868CB165-B990-483E-8CF5-88C411F8362A}.Release|x86.ActiveCfg = Release|x86
		{868CB165-B990-483E-8CF5-88C411F8362A}.Release|x86.Build.0 = Release|x86
		{868CB165-B990-483E-8CF5-88C411F8362A}.Release|x86.Deploy.0 = Release|x86
		{3A5FE591-E3E8-47DC-9EAB-D53E3F270251}.Debug|Any CPU.ActiveCfg = Debug|x86
		{3A5FE591-E3E8-47DC-9EAB-D53E3F270251}.Debug|ARM.ActiveCfg = Debug|ARM
		{3A5FE591-E3E8-47DC-9EAB-D53E3F270251}.Debug|ARM.Build.0 = Debug|ARM
		{3A5FE591-E3E8-47DC-9EAB-D53E3F270251}.Debug|ARM.Deploy.0 = Debug|ARM
		{3A5FE591-E3E8-47DC-9EAB-D53E3F270251}.Debug|ARM64.ActiveCfg = Debug|x86
		{3A5FE591-E3E8-47DC-9EAB-D53E3F270251}.Debug|x64.ActiveCfg = Debug|x64
		{3A5FE591-E3E8-47DC-9EAB-D53E3F270251}.Debug|x64.Build.0 = Debug|x64
		{3A5FE591-E3E8-47DC-9EAB-D53E3F270251}.Debug|x64.Deploy.0 = Debug|x64
		{3A5FE591-E3E8-47DC-9EAB-D53E3F270251}.Debug|x86.ActiveCfg = Debug|x86
		{3A5FE591-E3E8-47DC-9EAB-D53E3F270251}.Debug|x86.Build.0 = Debug|x86
		{3A5FE591-E3E8-47DC-9EAB-D53E3F270251}.Debug|x86.Deploy.0 = Debug|x86
		{3A5FE591-E3E8-47DC-9EAB-D53E3F270251}.Release|Any CPU.ActiveCfg = Release|x86
		{3A5FE591-E3E8-47DC-9EAB-D53E3F270251}.Release|ARM.ActiveCfg = Release|ARM
		{3A5FE591-E3E8-47DC-9EAB-D53E3F270251}.Release|ARM.Build.0 = Release|ARM
		{3A5FE591-E3E8-47DC-9EAB-D53E3F270251}.Release|ARM.Deploy.0 = Release|ARM
		{3A5FE591-E3E8-47DC-9EAB-D53E3F270251}.Release|ARM64.ActiveCfg = Release|x86
		{3A5FE591-E3E8-47DC-9EAB-D53E3F270251}.Release|x64.ActiveCfg = Release|x64
		{3A5FE591-E3E8-47DC-9EAB-D53E3F270251}.Release|x64.Build.0 = Release|x64
		{3A5FE591-E3E8-47DC-9EAB-D53E3F270251}.Release|x64.Deploy.0 = Release|x64
		{3A5FE591-E3E8-47DC-9EAB-D53E3F270251}.Release|x86.ActiveCfg = Release|x86
		{3A5FE591-E3E8-47DC-9EAB-D53E3F270251}.Release|x86.Build.0 = Release|x86
		{3A5FE591-E3E8-47DC-9EAB-D53E3F270251}.Release|x86.Deploy.0 = Release|x86
	EndGlobalSection
	GlobalSection(SolutionProperties) = preSolution
		HideSolutionNode = FALSE
	EndGlobalSection
	GlobalSection(ExtensibilityGlobals) = postSolution
		SolutionGuid = {DEAC92DB-23EF-4ABA-88DA-F8024A09B1CE}
	EndGlobalSection
EndGlobal
